
Microsoft Visual Studio Solution File, Format Version 12.00
# Visual Studio 15
VisualStudioVersion = 15.0.28307.438
MinimumVisualStudioVersion = 10.0.40219.1
Project("{FAE04EC0-301F-11D3-BF4B-00C04F79EFBC}") = "ConsoleProject01", "ConsoleProject01\ConsoleProject01.csproj", "{46497854-8797-4791-B2B0-E6245E09528F}"
EndProject
Project("{FAE04EC0-301F-11D3-BF4B-00C04F79EFBC}") = "ConsoleProject02", "ConsoleProject02\ConsoleProject02.csproj", "{6406B3DE-C57C-443A-87DA-1D95B956C145}"
EndProject
Project("{FAE04EC0-301F-11D3-BF4B-00C04F79EFBC}") = "ConsoleProject03", "ConsoleProject03\ConsoleProject03.csproj", "{234DAAEE-26D4-47BB-AB37-8762361B8B2B}"
EndProject
Project("{FAE04EC0-301F-11D3-BF4B-00C04F79EFBC}") = "ConsoleProject04", "ConsoleProject04\ConsoleProject04.csproj", "{434517A8-C32F-4756-B363-89A0F679D776}"
EndProject
Project("{FAE04EC0-301F-11D3-BF4B-00C04F79EFBC}") = "ConsoleProject05", "ConsoleProject05\ConsoleProject05.csproj", "{395D3508-40D8-4776-92B9-D7738F1AA130}"
EndProject
Project("{FAE04EC0-301F-11D3-BF4B-00C04F79EFBC}") = "ConsoleProject06", "ConsoleProject06\ConsoleProject06.csproj", "{14AF3505-466C-4976-BCC4-90308414A928}"
EndProject
Project("{FAE04EC0-301F-11D3-BF4B-00C04F79EFBC}") = "ConsoleProject07", "ConsoleProject07\ConsoleProject07.csproj", "{B7B5D775-C4F5-4FDA-9011-8BF87C259E65}"
EndProject
Project("{FAE04EC0-301F-11D3-BF4B-00C04F79EFBC}") = "ConsoleProject09", "ConsoleProject09\ConsoleProject09.csproj", "{11BF433F-133D-4C9E-8AF7-258BDF2F234A}"
EndProject
Project("{FAE04EC0-301F-11D3-BF4B-00C04F79EFBC}") = "ConsoleProject10", "ConsoleProject10\ConsoleProject10.csproj", "{53D53C91-1C9C-4464-B328-6BB54F4E6463}"
EndProject
Project("{FAE04EC0-301F-11D3-BF4B-00C04F79EFBC}") = "ConsoleProject10.2", "ConsoleProject10.2\ConsoleProject10.2.csproj", "{BC377D6C-88C9-4BBD-A6FC-7451D604FF47}"
EndProject
Project("{FAE04EC0-301F-11D3-BF4B-00C04F79EFBC}") = "ConsoleProject08", "ConsoleProject08\ConsoleProject08.csproj", "{B3E9CA57-DFD6-4288-BDBF-F9939401A2AE}"
EndProject
Project("{FAE04EC0-301F-11D3-BF4B-00C04F79EFBC}") = "ConsoleProject11", "ConsoleProject11\ConsoleProject11.csproj", "{F363250D-3378-4620-B151-11A009B432F6}"
EndProject
Project("{FAE04EC0-301F-11D3-BF4B-00C04F79EFBC}") = "ConsoleProject12", "ConsoleProject12\ConsoleProject12.csproj", "{749F8A7A-9C5F-428A-8FD7-D0C8C460F5DA}"
EndProject
Project("{FAE04EC0-301F-11D3-BF4B-00C04F79EFBC}") = "ConsoleProject13", "ConsoleProject13\ConsoleProject13.csproj", "{22703D58-8AFA-4417-9700-59E86F577FB0}"
EndProject
Project("{FAE04EC0-301F-11D3-BF4B-00C04F79EFBC}") = "ConsoleProject14", "ConsoleProject14\ConsoleProject14.csproj", "{E865E1B8-3D59-47A1-B387-A5BC768D3B9D}"
EndProject
Project("{FAE04EC0-301F-11D3-BF4B-00C04F79EFBC}") = "ConsoleProject15.1", "ConsoleProject15.1\ConsoleProject15.1.csproj", "{51040398-1BD5-40E6-BC02-D1626964BE55}"
EndProject
Project("{FAE04EC0-301F-11D3-BF4B-00C04F79EFBC}") = "ConsoleProject15.2", "ConsoleProject15.2\ConsoleProject15.2.csproj", "{A76D3EB6-AE04-47C0-8739-71262FE97737}"
EndProject
Project("{FAE04EC0-301F-11D3-BF4B-00C04F79EFBC}") = "ConsoleProject16", "ConsoleProject16\ConsoleProject16.csproj", "{3E9BC6BB-39AE-4426-B1FD-D4864A1768DB}"
EndProject
Project("{FAE04EC0-301F-11D3-BF4B-00C04F79EFBC}") = "ConsoleProject17", "ConsoleProject17\ConsoleProject17.csproj", "{06526E78-BE2A-4CEB-B1B3-B22D86A99A6E}"
EndProject
Project("{FAE04EC0-301F-11D3-BF4B-00C04F79EFBC}") = "ConsoleProject18", "ConsoleProject18\ConsoleProject18.csproj", "{D26AE44C-3B5B-42B6-8484-4255B258A6B4}"
EndProject
Project("{FAE04EC0-301F-11D3-BF4B-00C04F79EFBC}") = "ConsoleProject19", "ConsoleProject19\ConsoleProject19.csproj", "{B8788B87-3D51-408E-9131-E636C97D8413}"
EndProject
Project("{FAE04EC0-301F-11D3-BF4B-00C04F79EFBC}") = "ConsoleProject20", "ConsoleProject20\ConsoleProject20.csproj", "{923D0B31-4142-4A1B-852A-B915A5B0BB22}"
EndProject
Project("{FAE04EC0-301F-11D3-BF4B-00C04F79EFBC}") = "ConsoleProject23", "ConsoleProject23\ConsoleProject23.csproj", "{E9B35C68-FA95-4ECE-970C-536B9CDC42DB}"
EndProject
Project("{FAE04EC0-301F-11D3-BF4B-00C04F79EFBC}") = "ConsoleProject25", "ConsoleProject25\ConsoleProject25.csproj", "{380FD698-B5EB-48BD-BBF3-8DBB0D3EBB02}"
EndProject
Project("{FAE04EC0-301F-11D3-BF4B-00C04F79EFBC}") = "ConsoleProject24", "ConsoleProject24\ConsoleProject24.csproj", "{F1968442-20D6-4497-BD6C-FF5EEDFC3814}"
EndProject
Project("{FAE04EC0-301F-11D3-BF4B-00C04F79EFBC}") = "ConsoleProject26", "ConsoleProject26\ConsoleProject26.csproj", "{C43F71C3-873B-4F4E-88D9-D944C561BCE2}"
EndProject
Project("{FAE04EC0-301F-11D3-BF4B-00C04F79EFBC}") = "ConsoleProject27", "ConsoleProject27\ConsoleProject27.csproj", "{DB4908BD-C109-4391-98A7-DA312B1770EF}"
EndProject
Project("{FAE04EC0-301F-11D3-BF4B-00C04F79EFBC}") = "ConsoleProject28", "ConsoleProject28\ConsoleProject28.csproj", "{9FE26B9F-A394-4920-8935-714B4CD2268D}"
EndProject
Project("{FAE04EC0-301F-11D3-BF4B-00C04F79EFBC}") = "ConsoleProject29", "ConsoleProject29\ConsoleProject29.csproj", "{9A8FBE44-C17C-4CD2-B040-78767EDD9F4C}"
EndProject
Project("{FAE04EC0-301F-11D3-BF4B-00C04F79EFBC}") = "ConsoleProject30", "ConsoleProject30\ConsoleProject30.csproj", "{25058F28-C9EE-4289-AAA0-4765B491CA4E}"
EndProject
Project("{FAE04EC0-301F-11D3-BF4B-00C04F79EFBC}") = "ConsoleProject31", "ConsoleProject31\ConsoleProject31.csproj", "{322F2E83-804B-40B5-899E-73F4F97AEF33}"
EndProject
Project("{FAE04EC0-301F-11D3-BF4B-00C04F79EFBC}") = "ConsoleProject32", "ConsoleProject32\ConsoleProject32.csproj", "{90BB7FF0-6E32-45C2-8EDA-CE7CFC0D7653}"
EndProject
Project("{FAE04EC0-301F-11D3-BF4B-00C04F79EFBC}") = "ConsoleProject33", "ConsoleProject33\ConsoleProject33.csproj", "{F2F0F49B-FA31-4A30-810A-06C23A353675}"
EndProject
Global
	GlobalSection(SolutionConfigurationPlatforms) = preSolution
		Debug|Any CPU = Debug|Any CPU
		Release|Any CPU = Release|Any CPU
	EndGlobalSection
	GlobalSection(ProjectConfigurationPlatforms) = postSolution
		{46497854-8797-4791-B2B0-E6245E09528F}.Debug|Any CPU.ActiveCfg = Debug|Any CPU
		{46497854-8797-4791-B2B0-E6245E09528F}.Debug|Any CPU.Build.0 = Debug|Any CPU
		{46497854-8797-4791-B2B0-E6245E09528F}.Release|Any CPU.ActiveCfg = Release|Any CPU
		{46497854-8797-4791-B2B0-E6245E09528F}.Release|Any CPU.Build.0 = Release|Any CPU
		{6406B3DE-C57C-443A-87DA-1D95B956C145}.Debug|Any CPU.ActiveCfg = Debug|Any CPU
		{6406B3DE-C57C-443A-87DA-1D95B956C145}.Debug|Any CPU.Build.0 = Debug|Any CPU
		{6406B3DE-C57C-443A-87DA-1D95B956C145}.Release|Any CPU.ActiveCfg = Release|Any CPU
		{6406B3DE-C57C-443A-87DA-1D95B956C145}.Release|Any CPU.Build.0 = Release|Any CPU
		{234DAAEE-26D4-47BB-AB37-8762361B8B2B}.Debug|Any CPU.ActiveCfg = Debug|Any CPU
		{234DAAEE-26D4-47BB-AB37-8762361B8B2B}.Debug|Any CPU.Build.0 = Debug|Any CPU
		{234DAAEE-26D4-47BB-AB37-8762361B8B2B}.Release|Any CPU.ActiveCfg = Release|Any CPU
		{234DAAEE-26D4-47BB-AB37-8762361B8B2B}.Release|Any CPU.Build.0 = Release|Any CPU
		{434517A8-C32F-4756-B363-89A0F679D776}.Debug|Any CPU.ActiveCfg = Debug|Any CPU
		{434517A8-C32F-4756-B363-89A0F679D776}.Debug|Any CPU.Build.0 = Debug|Any CPU
		{434517A8-C32F-4756-B363-89A0F679D776}.Release|Any CPU.ActiveCfg = Release|Any CPU
		{434517A8-C32F-4756-B363-89A0F679D776}.Release|Any CPU.Build.0 = Release|Any CPU
		{395D3508-40D8-4776-92B9-D7738F1AA130}.Debug|Any CPU.ActiveCfg = Debug|Any CPU
		{395D3508-40D8-4776-92B9-D7738F1AA130}.Debug|Any CPU.Build.0 = Debug|Any CPU
		{395D3508-40D8-4776-92B9-D7738F1AA130}.Release|Any CPU.ActiveCfg = Release|Any CPU
		{395D3508-40D8-4776-92B9-D7738F1AA130}.Release|Any CPU.Build.0 = Release|Any CPU
		{14AF3505-466C-4976-BCC4-90308414A928}.Debug|Any CPU.ActiveCfg = Debug|Any CPU
		{14AF3505-466C-4976-BCC4-90308414A928}.Debug|Any CPU.Build.0 = Debug|Any CPU
		{14AF3505-466C-4976-BCC4-90308414A928}.Release|Any CPU.ActiveCfg = Release|Any CPU
		{14AF3505-466C-4976-BCC4-90308414A928}.Release|Any CPU.Build.0 = Release|Any CPU
		{B7B5D775-C4F5-4FDA-9011-8BF87C259E65}.Debug|Any CPU.ActiveCfg = Debug|Any CPU
		{B7B5D775-C4F5-4FDA-9011-8BF87C259E65}.Debug|Any CPU.Build.0 = Debug|Any CPU
		{B7B5D775-C4F5-4FDA-9011-8BF87C259E65}.Release|Any CPU.ActiveCfg = Release|Any CPU
		{B7B5D775-C4F5-4FDA-9011-8BF87C259E65}.Release|Any CPU.Build.0 = Release|Any CPU
		{11BF433F-133D-4C9E-8AF7-258BDF2F234A}.Debug|Any CPU.ActiveCfg = Debug|Any CPU
		{11BF433F-133D-4C9E-8AF7-258BDF2F234A}.Debug|Any CPU.Build.0 = Debug|Any CPU
		{11BF433F-133D-4C9E-8AF7-258BDF2F234A}.Release|Any CPU.ActiveCfg = Release|Any CPU
		{11BF433F-133D-4C9E-8AF7-258BDF2F234A}.Release|Any CPU.Build.0 = Release|Any CPU
		{53D53C91-1C9C-4464-B328-6BB54F4E6463}.Debug|Any CPU.ActiveCfg = Debug|Any CPU
		{53D53C91-1C9C-4464-B328-6BB54F4E6463}.Debug|Any CPU.Build.0 = Debug|Any CPU
		{53D53C91-1C9C-4464-B328-6BB54F4E6463}.Release|Any CPU.ActiveCfg = Release|Any CPU
		{53D53C91-1C9C-4464-B328-6BB54F4E6463}.Release|Any CPU.Build.0 = Release|Any CPU
		{BC377D6C-88C9-4BBD-A6FC-7451D604FF47}.Debug|Any CPU.ActiveCfg = Debug|Any CPU
		{BC377D6C-88C9-4BBD-A6FC-7451D604FF47}.Debug|Any CPU.Build.0 = Debug|Any CPU
		{BC377D6C-88C9-4BBD-A6FC-7451D604FF47}.Release|Any CPU.ActiveCfg = Release|Any CPU
		{BC377D6C-88C9-4BBD-A6FC-7451D604FF47}.Release|Any CPU.Build.0 = Release|Any CPU
		{B3E9CA57-DFD6-4288-BDBF-F9939401A2AE}.Debug|Any CPU.ActiveCfg = Debug|Any CPU
		{B3E9CA57-DFD6-4288-BDBF-F9939401A2AE}.Debug|Any CPU.Build.0 = Debug|Any CPU
		{B3E9CA57-DFD6-4288-BDBF-F9939401A2AE}.Release|Any CPU.ActiveCfg = Release|Any CPU
		{B3E9CA57-DFD6-4288-BDBF-F9939401A2AE}.Release|Any CPU.Build.0 = Release|Any CPU
		{F363250D-3378-4620-B151-11A009B432F6}.Debug|Any CPU.ActiveCfg = Debug|Any CPU
		{F363250D-3378-4620-B151-11A009B432F6}.Debug|Any CPU.Build.0 = Debug|Any CPU
		{F363250D-3378-4620-B151-11A009B432F6}.Release|Any CPU.ActiveCfg = Release|Any CPU
		{F363250D-3378-4620-B151-11A009B432F6}.Release|Any CPU.Build.0 = Release|Any CPU
		{749F8A7A-9C5F-428A-8FD7-D0C8C460F5DA}.Debug|Any CPU.ActiveCfg = Debug|Any CPU
		{749F8A7A-9C5F-428A-8FD7-D0C8C460F5DA}.Debug|Any CPU.Build.0 = Debug|Any CPU
		{749F8A7A-9C5F-428A-8FD7-D0C8C460F5DA}.Release|Any CPU.ActiveCfg = Release|Any CPU
		{749F8A7A-9C5F-428A-8FD7-D0C8C460F5DA}.Release|Any CPU.Build.0 = Release|Any CPU
		{22703D58-8AFA-4417-9700-59E86F577FB0}.Debug|Any CPU.ActiveCfg = Debug|Any CPU
		{22703D58-8AFA-4417-9700-59E86F577FB0}.Debug|Any CPU.Build.0 = Debug|Any CPU
		{22703D58-8AFA-4417-9700-59E86F577FB0}.Release|Any CPU.ActiveCfg = Release|Any CPU
		{22703D58-8AFA-4417-9700-59E86F577FB0}.Release|Any CPU.Build.0 = Release|Any CPU
		{E865E1B8-3D59-47A1-B387-A5BC768D3B9D}.Debug|Any CPU.ActiveCfg = Debug|Any CPU
		{E865E1B8-3D59-47A1-B387-A5BC768D3B9D}.Debug|Any CPU.Build.0 = Debug|Any CPU
		{E865E1B8-3D59-47A1-B387-A5BC768D3B9D}.Release|Any CPU.ActiveCfg = Release|Any CPU
		{E865E1B8-3D59-47A1-B387-A5BC768D3B9D}.Release|Any CPU.Build.0 = Release|Any CPU
		{51040398-1BD5-40E6-BC02-D1626964BE55}.Debug|Any CPU.ActiveCfg = Debug|Any CPU
		{51040398-1BD5-40E6-BC02-D1626964BE55}.Debug|Any CPU.Build.0 = Debug|Any CPU
		{51040398-1BD5-40E6-BC02-D1626964BE55}.Release|Any CPU.ActiveCfg = Release|Any CPU
		{51040398-1BD5-40E6-BC02-D1626964BE55}.Release|Any CPU.Build.0 = Release|Any CPU
		{A76D3EB6-AE04-47C0-8739-71262FE97737}.Debug|Any CPU.ActiveCfg = Debug|Any CPU
		{A76D3EB6-AE04-47C0-8739-71262FE97737}.Debug|Any CPU.Build.0 = Debug|Any CPU
		{A76D3EB6-AE04-47C0-8739-71262FE97737}.Release|Any CPU.ActiveCfg = Release|Any CPU
		{A76D3EB6-AE04-47C0-8739-71262FE97737}.Release|Any CPU.Build.0 = Release|Any CPU
		{3E9BC6BB-39AE-4426-B1FD-D4864A1768DB}.Debug|Any CPU.ActiveCfg = Debug|Any CPU
		{3E9BC6BB-39AE-4426-B1FD-D4864A1768DB}.Debug|Any CPU.Build.0 = Debug|Any CPU
		{3E9BC6BB-39AE-4426-B1FD-D4864A1768DB}.Release|Any CPU.ActiveCfg = Release|Any CPU
		{3E9BC6BB-39AE-4426-B1FD-D4864A1768DB}.Release|Any CPU.Build.0 = Release|Any CPU
		{06526E78-BE2A-4CEB-B1B3-B22D86A99A6E}.Debug|Any CPU.ActiveCfg = Debug|Any CPU
		{06526E78-BE2A-4CEB-B1B3-B22D86A99A6E}.Debug|Any CPU.Build.0 = Debug|Any CPU
		{06526E78-BE2A-4CEB-B1B3-B22D86A99A6E}.Release|Any CPU.ActiveCfg = Release|Any CPU
		{06526E78-BE2A-4CEB-B1B3-B22D86A99A6E}.Release|Any CPU.Build.0 = Release|Any CPU
		{D26AE44C-3B5B-42B6-8484-4255B258A6B4}.Debug|Any CPU.ActiveCfg = Debug|Any CPU
		{D26AE44C-3B5B-42B6-8484-4255B258A6B4}.Debug|Any CPU.Build.0 = Debug|Any CPU
		{D26AE44C-3B5B-42B6-8484-4255B258A6B4}.Release|Any CPU.ActiveCfg = Release|Any CPU
		{D26AE44C-3B5B-42B6-8484-4255B258A6B4}.Release|Any CPU.Build.0 = Release|Any CPU
		{B8788B87-3D51-408E-9131-E636C97D8413}.Debug|Any CPU.ActiveCfg = Debug|Any CPU
		{B8788B87-3D51-408E-9131-E636C97D8413}.Debug|Any CPU.Build.0 = Debug|Any CPU
		{B8788B87-3D51-408E-9131-E636C97D8413}.Release|Any CPU.ActiveCfg = Release|Any CPU
		{B8788B87-3D51-408E-9131-E636C97D8413}.Release|Any CPU.Build.0 = Release|Any CPU
		{923D0B31-4142-4A1B-852A-B915A5B0BB22}.Debug|Any CPU.ActiveCfg = Debug|Any CPU
		{923D0B31-4142-4A1B-852A-B915A5B0BB22}.Debug|Any CPU.Build.0 = Debug|Any CPU
		{923D0B31-4142-4A1B-852A-B915A5B0BB22}.Release|Any CPU.ActiveCfg = Release|Any CPU
		{923D0B31-4142-4A1B-852A-B915A5B0BB22}.Release|Any CPU.Build.0 = Release|Any CPU
		{E9B35C68-FA95-4ECE-970C-536B9CDC42DB}.Debug|Any CPU.ActiveCfg = Debug|Any CPU
		{E9B35C68-FA95-4ECE-970C-536B9CDC42DB}.Debug|Any CPU.Build.0 = Debug|Any CPU
		{E9B35C68-FA95-4ECE-970C-536B9CDC42DB}.Release|Any CPU.ActiveCfg = Release|Any CPU
		{E9B35C68-FA95-4ECE-970C-536B9CDC42DB}.Release|Any CPU.Build.0 = Release|Any CPU
		{380FD698-B5EB-48BD-BBF3-8DBB0D3EBB02}.Debug|Any CPU.ActiveCfg = Debug|Any CPU
		{380FD698-B5EB-48BD-BBF3-8DBB0D3EBB02}.Debug|Any CPU.Build.0 = Debug|Any CPU
		{380FD698-B5EB-48BD-BBF3-8DBB0D3EBB02}.Release|Any CPU.ActiveCfg = Release|Any CPU
		{380FD698-B5EB-48BD-BBF3-8DBB0D3EBB02}.Release|Any CPU.Build.0 = Release|Any CPU
		{F1968442-20D6-4497-BD6C-FF5EEDFC3814}.Debug|Any CPU.ActiveCfg = Debug|Any CPU
		{F1968442-20D6-4497-BD6C-FF5EEDFC3814}.Debug|Any CPU.Build.0 = Debug|Any CPU
		{F1968442-20D6-4497-BD6C-FF5EEDFC3814}.Release|Any CPU.ActiveCfg = Release|Any CPU
		{F1968442-20D6-4497-BD6C-FF5EEDFC3814}.Release|Any CPU.Build.0 = Release|Any CPU
		{C43F71C3-873B-4F4E-88D9-D944C561BCE2}.Debug|Any CPU.ActiveCfg = Debug|Any CPU
		{C43F71C3-873B-4F4E-88D9-D944C561BCE2}.Debug|Any CPU.Build.0 = Debug|Any CPU
		{C43F71C3-873B-4F4E-88D9-D944C561BCE2}.Release|Any CPU.ActiveCfg = Release|Any CPU
		{C43F71C3-873B-4F4E-88D9-D944C561BCE2}.Release|Any CPU.Build.0 = Release|Any CPU
		{DB4908BD-C109-4391-98A7-DA312B1770EF}.Debug|Any CPU.ActiveCfg = Debug|Any CPU
		{DB4908BD-C109-4391-98A7-DA312B1770EF}.Debug|Any CPU.Build.0 = Debug|Any CPU
		{DB4908BD-C109-4391-98A7-DA312B1770EF}.Release|Any CPU.ActiveCfg = Release|Any CPU
		{DB4908BD-C109-4391-98A7-DA312B1770EF}.Release|Any CPU.Build.0 = Release|Any CPU
		{9FE26B9F-A394-4920-8935-714B4CD2268D}.Debug|Any CPU.ActiveCfg = Debug|Any CPU
		{9FE26B9F-A394-4920-8935-714B4CD2268D}.Debug|Any CPU.Build.0 = Debug|Any CPU
		{9FE26B9F-A394-4920-8935-714B4CD2268D}.Release|Any CPU.ActiveCfg = Release|Any CPU
		{9FE26B9F-A394-4920-8935-714B4CD2268D}.Release|Any CPU.Build.0 = Release|Any CPU
		{9A8FBE44-C17C-4CD2-B040-78767EDD9F4C}.Debug|Any CPU.ActiveCfg = Debug|Any CPU
		{9A8FBE44-C17C-4CD2-B040-78767EDD9F4C}.Debug|Any CPU.Build.0 = Debug|Any CPU
		{9A8FBE44-C17C-4CD2-B040-78767EDD9F4C}.Release|Any CPU.ActiveCfg = Release|Any CPU
		{9A8FBE44-C17C-4CD2-B040-78767EDD9F4C}.Release|Any CPU.Build.0 = Release|Any CPU
		{25058F28-C9EE-4289-AAA0-4765B491CA4E}.Debug|Any CPU.ActiveCfg = Debug|Any CPU
		{25058F28-C9EE-4289-AAA0-4765B491CA4E}.Debug|Any CPU.Build.0 = Debug|Any CPU
		{25058F28-C9EE-4289-AAA0-4765B491CA4E}.Release|Any CPU.ActiveCfg = Release|Any CPU
		{25058F28-C9EE-4289-AAA0-4765B491CA4E}.Release|Any CPU.Build.0 = Release|Any CPU
		{322F2E83-804B-40B5-899E-73F4F97AEF33}.Debug|Any CPU.ActiveCfg = Debug|Any CPU
		{322F2E83-804B-40B5-899E-73F4F97AEF33}.Debug|Any CPU.Build.0 = Debug|Any CPU
		{322F2E83-804B-40B5-899E-73F4F97AEF33}.Release|Any CPU.ActiveCfg = Release|Any CPU
		{322F2E83-804B-40B5-899E-73F4F97AEF33}.Release|Any CPU.Build.0 = Release|Any CPU
		{90BB7FF0-6E32-45C2-8EDA-CE7CFC0D7653}.Debug|Any CPU.ActiveCfg = Debug|Any CPU
		{90BB7FF0-6E32-45C2-8EDA-CE7CFC0D7653}.Debug|Any CPU.Build.0 = Debug|Any CPU
		{90BB7FF0-6E32-45C2-8EDA-CE7CFC0D7653}.Release|Any CPU.ActiveCfg = Release|Any CPU
		{90BB7FF0-6E32-45C2-8EDA-CE7CFC0D7653}.Release|Any CPU.Build.0 = Release|Any CPU
		{F2F0F49B-FA31-4A30-810A-06C23A353675}.Debug|Any CPU.ActiveCfg = Debug|Any CPU
		{F2F0F49B-FA31-4A30-810A-06C23A353675}.Debug|Any CPU.Build.0 = Debug|Any CPU
		{F2F0F49B-FA31-4A30-810A-06C23A353675}.Release|Any CPU.ActiveCfg = Release|Any CPU
		{F2F0F49B-FA31-4A30-810A-06C23A353675}.Release|Any CPU.Build.0 = Release|Any CPU
	EndGlobalSection
	GlobalSection(SolutionProperties) = preSolution
		HideSolutionNode = FALSE
	EndGlobalSection
	GlobalSection(ExtensibilityGlobals) = postSolution
		SolutionGuid = {15DECAA7-553C-45E9-A948-593C5700A20E}
	EndGlobalSection
EndGlobal
